{
  "originHash" : "59bfeb1709643973a889ea5cd5acb8403e3cebf34c3e4fca71167ba26cafd1b8",
  "pins" : [
    {
      "identity" : "defaults",
      "kind" : "remoteSourceControl",
      "location" : "https://github.com/sindresorhus/Defaults",
      "state" : {
        "revision" : "00a7465a0668a87fa159e779b9d80f1f9652357e",
        "version" : "9.0.9"
      }
    },
    {
      "identity" : "dockprogress",
      "kind" : "remoteSourceControl",
      "location" : "https://github.com/sindresorhus/DockProgress",
      "state" : {
        "revision" : "43ca0137201a479fbd891b129155f4a84c1e1b13",
        "version" : "5.1.0"
      }
    },
    {
      "identity" : "materialview",
      "kind" : "remoteSourceControl",
      "location" : "https://github.com/OskarGroth/MaterialView.git",
      "state" : {
        "revision" : "b3a04ce56eca69d388c48e9621ce61778fe976c7",
        "version" : "1.0.0"
      }
    },
    {
      "identity" : "noise",
      "kind" : "remoteSourceControl",
      "location" : "https://github.com/heestand-xyz/Noise",
      "state" : {
        "revision" : "9fc3dd5b86995913f4cd58152f4d8d7da245ce7e",
        "version" : "2.0.5"
      }
    },
    {
      "identity" : "swift-syntax",
      "kind" : "remoteSourceControl",
      "location" : "https://github.com/swiftlang/swift-syntax",
      "state" : {
        "revision" : "050f1a346fbbac0ca2cfb15a95274f7bd1cf0ccf",
        "version" : "604.0.0"
      }
    }
  ],
  "version" : 3
}
